{
  "name": "glue",
  "version": "0.5.0-rc.1",
  "lockfileVersion": 3,
  "requires": true,
  "packages": {
    "": {
      "name": "glue",
      "version": "0.5.0-rc.1",
      "license": "Apache-2.0",
      "dependencies": {
        "smol-toml": "1.8.0",
        "zod": "4.1.8"
      },
      "devDependencies": {
        "@types/node": "26.6.2",
        "prettier": "3.9.9",
        "typescript": "5.9.3"
      },
      "engines": {
        "node": ">=22"
      }
    },
    "node_modules/@types/node": {
      "version": "26.6.2",
      "resolved": "https://registry.npmjs.org/@types/node/-/node-26.6.2.tgz",
      "integrity": "sha512-X1P21scMv4zGKLYqjdGjaKa7COa0RKVYYZZN/NfvLQ1JegxFhdhpZG/Lyn8AXx6CDUavKAd11v6BvfpkDByK8g==",
      "dev": true,
      "license": "MIT",
      "dependencies": {
        "undici-types": "~8.9.0"
      }
    },
    "node_modules/prettier": {
      "version": "3.9.9",
      "resolved": "https://registry.npmjs.org/prettier/-/prettier-3.9.9.tgz",
      "integrity": "sha512-Z/CJHIkdujO/OtN7nXUii0Rf3VT5SRuhjBA82Xvu2XhBUgX3nhP67T0LHceBdQLex7OOFGTox+Q5Yg8Jk2Qivg==",
      "dev": true,
      "license": "MIT",
      "bin": {
        "prettier": "bin/prettier.cjs"
      },
      "engines": {
        "node": ">=14"
      },
      "funding": {
        "url": "https://github.com/prettier/prettier?sponsor=1"
      }
    },
    "node_modules/smol-toml": {
      "version": "1.8.0",
      "resolved": "https://registry.npmjs.org/smol-toml/-/smol-toml-1.8.0.tgz",
      "integrity": "sha512-kCZr2V3ch9i00x8zXRhjUNVcjG9ijES5dDudkXvUVCT5QlJNQWElSJdZqyPemffHoLNUYwOcou0Fy+ojN0uHSQ==",
      "license": "BSD-3-Clause",
      "engines": {
        "node": ">= 18"
      },
      "funding": {
        "url": "https://github.com/sponsors/cyyynthia"
      }
    },
    "node_modules/typescript": {
      "version": "5.9.3",
      "resolved": "https://registry.npmjs.org/typescript/-/typescript-5.9.3.tgz",
      "integrity": "sha512-jl1vZzPDinLr9eUt3J/t7V6FgNEw9QjvBPdysz9KfQDD41fQrC2Y4vKQdiaUpFT4bXlb1RHhLpp8wtm6M5TgSw==",
      "dev": true,
      "license": "Apache-2.0",
      "bin": {
        "tsc": "bin/tsc",
        "tsserver": "bin/tsserver"
      },
      "engines": {
        "node": ">=14.17"
      }
    },
    "node_modules/undici-types": {
      "version": "8.9.0",
      "resolved": "https://registry.npmjs.org/undici-types/-/undici-types-8.9.0.tgz",
      "integrity": "sha512-KTDyRTYX8sWmKXAikPHHSyc63CRPETMctyjKFupcC6OBLXT3xsN0e9aF7m+mIXutFWpUXuedtowG7iLOzp0kQg==",
      "dev": true,
      "license": "MIT"
    },
    "node_modules/zod": {
      "version": "4.1.8",
      "resolved": "https://registry.npmjs.org/zod/-/zod-4.1.8.tgz",
      "integrity": "sha512-5R1P+WwQqmmMIEACyzSvo4JXHY5WiAFHRMg+zBZKgKS+Q1viRa0C1hmUKtHltoIFKtIdki3pRxkmpP74jnNYHQ==",
      "license": "MIT",
      "funding": {
        "url": "https://github.com/sponsors/colinhacks"
      }
    }
  }
}
